
Microsoft Visual Studio Solution File, Format Version 12.00
# Visual Studio 15
VisualStudioVersion = 15.0.27703.2026
MinimumVisualStudioVersion = 10.0.40219.1
Project("{2150E333-8FDC-42A3-9474-1A3956D46DE8}") = "Creational", "Creational", "{172E283F-91EC-4738-9256-E787FEDB13D0}"
EndProject
Project("{FAE04EC0-301F-11D3-BF4B-00C04F79EFBC}") = "fabiostefani.io.GoF.AbstractFactory", "fabiostefani.io.GoF.AbstractFactory\fabiostefani.io.GoF.AbstractFactory.csproj", "{B2368CBB-1BE3-4C6C-A68A-DCFEF3F4634C}"
EndProject
Project("{FAE04EC0-301F-11D3-BF4B-00C04F79EFBC}") = "fabiostefani.io.GoF.Singleton", "fabiostefani.io.GoF.Singleton\fabiostefani.io.GoF.Singleton.csproj", "{80357099-5A9B-49FD-81DE-B189A6720301}"
EndProject
Project("{2150E333-8FDC-42A3-9474-1A3956D46DE8}") = "Structural", "Structural", "{5C7B7ED4-504E-4E00-8A88-4BB186C0F86C}"
EndProject
Project("{FAE04EC0-301F-11D3-BF4B-00C04F79EFBC}") = "fabiostefani.io.GoF.Adapter", "fabiostefani.io.GoF.Adapter\fabiostefani.io.GoF.Adapter.csproj", "{4C85D6BA-09CD-4730-A5A8-6760A524C955}"
EndProject
Global
	GlobalSection(SolutionConfigurationPlatforms) = preSolution
		Debug|Any CPU = Debug|Any CPU
		Release|Any CPU = Release|Any CPU
	EndGlobalSection
	GlobalSection(ProjectConfigurationPlatforms) = postSolution
		{B2368CBB-1BE3-4C6C-A68A-DCFEF3F4634C}.Debug|Any CPU.ActiveCfg = Debug|Any CPU
		{B2368CBB-1BE3-4C6C-A68A-DCFEF3F4634C}.Debug|Any CPU.Build.0 = Debug|Any CPU
		{B2368CBB-1BE3-4C6C-A68A-DCFEF3F4634C}.Release|Any CPU.ActiveCfg = Release|Any CPU
		{B2368CBB-1BE3-4C6C-A68A-DCFEF3F4634C}.Release|Any CPU.Build.0 = Release|Any CPU
		{80357099-5A9B-49FD-81DE-B189A6720301}.Debug|Any CPU.ActiveCfg = Debug|Any CPU
		{80357099-5A9B-49FD-81DE-B189A6720301}.Debug|Any CPU.Build.0 = Debug|Any CPU
		{80357099-5A9B-49FD-81DE-B189A6720301}.Release|Any CPU.ActiveCfg = Release|Any CPU
		{80357099-5A9B-49FD-81DE-B189A6720301}.Release|Any CPU.Build.0 = Release|Any CPU
		{4C85D6BA-09CD-4730-A5A8-6760A524C955}.Debug|Any CPU.ActiveCfg = Debug|Any CPU
		{4C85D6BA-09CD-4730-A5A8-6760A524C955}.Debug|Any CPU.Build.0 = Debug|Any CPU
		{4C85D6BA-09CD-4730-A5A8-6760A524C955}.Release|Any CPU.ActiveCfg = Release|Any CPU
		{4C85D6BA-09CD-4730-A5A8-6760A524C955}.Release|Any CPU.Build.0 = Release|Any CPU
	EndGlobalSection
	GlobalSection(SolutionProperties) = preSolution
		HideSolutionNode = FALSE
	EndGlobalSection
	GlobalSection(NestedProjects) = preSolution
		{B2368CBB-1BE3-4C6C-A68A-DCFEF3F4634C} = {172E283F-91EC-4738-9256-E787FEDB13D0}
		{80357099-5A9B-49FD-81DE-B189A6720301} = {172E283F-91EC-4738-9256-E787FEDB13D0}
		{4C85D6BA-09CD-4730-A5A8-6760A524C955} = {5C7B7ED4-504E-4E00-8A88-4BB186C0F86C}
	EndGlobalSection
	GlobalSection(ExtensibilityGlobals) = postSolution
		SolutionGuid = {1E116DD1-7E8D-4C09-8489-839C9B29B4F1}
	EndGlobalSection
EndGlobal
